
Microsoft Visual Studio Solution File, Format Version 12.00
# Visual Studio Version 16
VisualStudioVersion = 16.0.30907.101
MinimumVisualStudioVersion = 10.0.40219.1
Project("{FAE04EC0-301F-11D3-BF4B-00C04F79EFBC}") = "HelloApp", "HelloApp\HelloApp.csproj", "{8BC3EC13-1AC7-4087-9A82-EE6EAAE6112A}"
EndProject
Global
	GlobalSection(SolutionConfigurationPlatforms) = preSolution
		Debug|Any CPU = Debug|Any CPU
		Release|Any CPU = Release|Any CPU
	EndGlobalSection
	GlobalSection(ProjectConfigurationPlatforms) = postSolution
		{8BC3EC13-1AC7-4087-9A82-EE6EAAE6112A}.Debug|Any CPU.ActiveCfg = Debug|Any CPU
		{8BC3EC13-1AC7-4087-9A82-EE6EAAE6112A}.Debug|Any CPU.Build.0 = Debug|Any CPU
		{8BC3EC13-1AC7-4087-9A82-EE6EAAE6112A}.Release|Any CPU.ActiveCfg = Release|Any CPU
		{8BC3EC13-1AC7-4087-9A82-EE6EAAE6112A}.Release|Any CPU.Build.0 = Release|Any CPU
	EndGlobalSection
	GlobalSection(SolutionProperties) = preSolution
		HideSolutionNode = FALSE
	EndGlobalSection
	GlobalSection(ExtensibilityGlobals) = postSolution
		SolutionGuid = {C9B1D890-CDE4-49B1-85A4-9929D61576BA}
	EndGlobalSection
EndGlobal
